// !$*UTF8*$!
{
	archiveVersion = 1;
	classes = {
	};
	objectVersion = 55;
	objects = {

/* Begin PBXBuildFile section */
		9BBA6E872862FD9A00973670 /* AppDelegate.swift in Sources */ = {isa = PBXBuildFile; fileRef = 9BBA6E862862FD9A00973670 /* AppDelegate.swift */; };
		9BBA6E892862FD9A00973670 /* SceneDelegate.swift in Sources */ = {isa = PBXBuildFile; fileRef = 9BBA6E882862FD9A00973670 /* SceneDelegate.swift */; };
		9BBA6E8B2862FD9A00973670 /* ViewController.swift in Sources */ = {isa = PBXBuildFile; fileRef = 9BBA6E8A2862FD9A00973670 /* ViewController.swift */; };
		9BBA6E8E2862FD9A00973670 /* Main.storyboard in Resources */ = {isa = PBXBuildFile; fileRef = 9BBA6E8C2862FD9A00973670 /* Main.storyboard */; };
		9BBA6E902862FD9B00973670 /* Assets.xcassets in Resources */ = {isa = PBXBuildFile; fileRef = 9BBA6E8F2862FD9B00973670 /* Assets.xcassets */; };
		9BBA6E932862FD9B00973670 /* LaunchScreen.storyboard in Resources */ = {isa = PBXBuildFile; fileRef = 9BBA6E912862FD9B00973670 /* LaunchScreen.storyboard */; };
		9BBA6EA428638C0A00973670 /* CoreDataUIKit.xcdatamodeld in Sources */ = {isa = PBXBuildFile; fileRef = 9BBA6EA228638C0A00973670 /* CoreDataUIKit.xcdatamodeld */; };
		9BBA6ECA28638D2600973670 /* Employee+CoreDataClass.swift in Sources */ = {isa = PBXBuildFile; fileRef = 9BBA6EC828638D2600973670 /* Employee+CoreDataClass.swift */; };
		9BBA6ECB28638D2600973670 /* Employee+CoreDataProperties.swift in Sources */ = {isa = PBXBuildFile; fileRef = 9BBA6EC928638D2600973670 /* Employee+CoreDataProperties.swift */; };
/* End PBXBuildFile section */

/* Begin PBXFileReference section */
		9BBA6E832862FD9A00973670 /* CoreData UIKit.app */ = {isa = PBXFileReference; explicitFileType = wrapper.application; includeInIndex = 0; path = "CoreData UIKit.app"; sourceTree = BUILT_PRODUCTS_DIR; };
		9BBA6E862862FD9A00973670 /* AppDelegate.swift */ = {isa = PBXFileReference; lastKnownFileType = sourcecode.swift; path = AppDelegate.swift; sourceTree = "<group>"; };
		9BBA6E882862FD9A00973670 /* SceneDelegate.swift */ = {isa = PBXFileReference; lastKnownFileType = sourcecode.swift; path = SceneDelegate.swift; sourceTree = "<group>"; };
		9BBA6E8A2862FD9A00973670 /* ViewController.swift */ = {isa = PBXFileReference; lastKnownFileType = sourcecode.swift; path = ViewController.swift; sourceTree = "<group>"; };
		9BBA6E8D2862FD9A00973670 /* Base */ = {isa = PBXFileReference; lastKnownFileType = file.storyboard; name = Base; path = Base.lproj/Main.storyboard; sourceTree = "<group>"; };
		9BBA6E8F2862FD9B00973670 /* Assets.xcassets */ = {isa = PBXFileReference; lastKnownFileType = folder.assetcatalog; path = Assets.xcassets; sourceTree = "<group>"; };
		9BBA6E922862FD9B00973670 /* Base */ = {isa = PBXFileReference; lastKnownFileType = file.storyboard; name = Base; path = Base.lproj/LaunchScreen.storyboard; sourceTree = "<group>"; };
		9BBA6E942862FD9B00973670 /* Info.plist */ = {isa = PBXFileReference; lastKnownFileType = text.plist.xml; path = Info.plist; sourceTree = "<group>"; };
		9BBA6EA328638C0A00973670 /* CoreDataUIKit.xcdatamodel */ = {isa = PBXFileReference; lastKnownFileType = wrapper.xcdatamodel; path = CoreDataUIKit.xcdatamodel; sourceTree = "<group>"; };
		9BBA6EC828638D2600973670 /* Employee+CoreDataClass.swift */ = {isa = PBXFileReference; lastKnownFileType = sourcecode.swift; path = "Employee+CoreDataClass.swift"; sourceTree = "<group>"; };
		9BBA6EC928638D2600973670 /* Employee+CoreDataProperties.swift */ = {isa = PBXFileReference; lastKnownFileType = sourcecode.swift; path = "Employee+CoreDataProperties.swift"; sourceTree = "<group>"; };
/* End PBXFileReference section */

/* Begin PBXFrameworksBuildPhase section */
		9BBA6E802862FD9A00973670 /* Frameworks */ = {
			isa = PBXFrameworksBuildPhase;
			buildActionMask = 2147483647;
			files = (
			);
			runOnlyForDeploymentPostprocessing = 0;
		};
/* End PBXFrameworksBuildPhase section */

/* Begin PBXGroup section */
		9BBA6E7A2862FD9A00973670 = {
			isa = PBXGroup;
			children = (
				9BBA6E852862FD9A00973670 /* CoreData UIKit */,
				9BBA6E842862FD9A00973670 /* Products */,
			);
			sourceTree = "<group>";
		};
		9BBA6E842862FD9A00973670 /* Products */ = {
			isa = PBXGroup;
			children = (
				9BBA6E832862FD9A00973670 /* CoreData UIKit.app */,
			);
			name = Products;
			sourceTree = "<group>";
		};
		9BBA6E852862FD9A00973670 /* CoreData UIKit */ = {
			isa = PBXGroup;
			children = (
				9BBA6E9F2863003900973670 /* Model */,
				9BBA6E862862FD9A00973670 /* AppDelegate.swift */,
				9BBA6E882862FD9A00973670 /* SceneDelegate.swift */,
				9BBA6E8A2862FD9A00973670 /* ViewController.swift */,
				9BBA6E8C2862FD9A00973670 /* Main.storyboard */,
				9BBA6E8F2862FD9B00973670 /* Assets.xcassets */,
				9BBA6E912862FD9B00973670 /* LaunchScreen.storyboard */,
				9BBA6E942862FD9B00973670 /* Info.plist */,
				9BBA6EA228638C0A00973670 /* CoreDataUIKit.xcdatamodeld */,
			);
			path = "CoreData UIKit";
			sourceTree = "<group>";
		};
		9BBA6E9F2863003900973670 /* Model */ = {
			isa = PBXGroup;
			children = (
				9BBA6EC828638D2600973670 /* Employee+CoreDataClass.swift */,
				9BBA6EC928638D2600973670 /* Employee+CoreDataProperties.swift */,
			);
			path = Model;
			sourceTree = "<group>";
		};
/* End PBXGroup section */

/* Begin PBXNativeTarget section */
		9BBA6E822862FD9A00973670 /* CoreData UIKit */ = {
			isa = PBXNativeTarget;
			buildConfigurationList = 9BBA6E972862FD9B00973670 /* Build configuration list for PBXNativeTarget "CoreData UIKit" */;
			buildPhases = (
				9BBA6E7F2862FD9A00973670 /* Sources */,
				9BBA6E802862FD9A00973670 /* Frameworks */,
				9BBA6E812862FD9A00973670 /* Resources */,
			);
			buildRules = (
			);
			dependencies = (
			);
			name = "CoreData UIKit";
			productName = "CoreData UIKit";
			productReference = 9BBA6E832862FD9A00973670 /* CoreData UIKit.app */;
			productType = "com.apple.product-type.application";
		};
/* End PBXNativeTarget section */

/* Begin PBXProject section */
		9BBA6E7B2862FD9A00973670 /* Project object */ = {
			isa = PBXProject;
			attributes = {
				BuildIndependentTargetsInParallel = 1;
				LastSwiftUpdateCheck = 1340;
				LastUpgradeCheck = 1340;
				TargetAttributes = {
					9BBA6E822862FD9A00973670 = {
						CreatedOnToolsVersion = 13.4.1;
					};
				};
			};
			buildConfigurationList = 9BBA6E7E2862FD9A00973670 /* Build configuration list for PBXProject "CoreData UIKit" */;
			compatibilityVersion = "Xcode 13.0";
			developmentRegion = en;
			hasScannedForEncodings = 0;
			knownRegions = (
				en,
				Base,
			);
			mainGroup = 9BBA6E7A2862FD9A00973670;
			productRefGroup = 9BBA6E842862FD9A00973670 /* Products */;
			projectDirPath = "";
			projectRoot = "";
			targets = (
				9BBA6E822862FD9A00973670 /* CoreData UIKit */,
			);
		};
/* End PBXProject section */

/* Begin PBXResourcesBuildPhase section */
		9BBA6E812862FD9A00973670 /* Resources */ = {
			isa = PBXResourcesBuildPhase;
			buildActionMask = 2147483647;
			files = (
				9BBA6E932862FD9B00973670 /* LaunchScreen.storyboard in Resources */,
				9BBA6E902862FD9B00973670 /* Assets.xcassets in Resources */,
				9BBA6E8E2862FD9A00973670 /* Main.storyboard in Resources */,
			);
			runOnlyForDeploymentPostprocessing = 0;
		};
/* End PBXResourcesBuildPhase section */

/* Begin PBXSourcesBuildPhase section */
		9BBA6E7F2862FD9A00973670 /* Sources */ = {
			isa = PBXSourcesBuildPhase;
			buildActionMask = 2147483647;
			files = (
				9BBA6E8B2862FD9A00973670 /* ViewController.swift in Sources */,
				9BBA6ECA28638D2600973670 /* Employee+CoreDataClass.swift in Sources */,
				9BBA6E872862FD9A00973670 /* AppDelegate.swift in Sources */,
				9BBA6EA428638C0A00973670 /* CoreDataUIKit.xcdatamodeld in Sources */,
				9BBA6E892862FD9A00973670 /* SceneDelegate.swift in Sources */,
				9BBA6ECB28638D2600973670 /* Employee+CoreDataProperties.swift in Sources */,
			);
			runOnlyForDeploymentPostprocessing = 0;
		};
/* End PBXSourcesBuildPhase section */

/* Begin PBXVariantGroup section */
		9BBA6E8C2862FD9A00973670 /* Main.storyboard */ = {
			isa = PBXVariantGroup;
			children = (
				9BBA6E8D2862FD9A00973670 /* Base */,
			);
			name = Main.storyboard;
			sourceTree = "<group>";
		};
		9BBA6E912862FD9B00973670 /* LaunchScreen.storyboard */ = {
			isa = PBXVariantGroup;
			children = (
				9BBA6E922862FD9B00973670 /* Base */,
			);
			name = LaunchScreen.storyboard;
			sourceTree = "<group>";
		};
/* End PBXVariantGroup section */

/* Begin XCBuildConfiguration section */
		9BBA6E952862FD9B00973670 /* Debug */ = {
			isa = XCBuildConfiguration;
			buildSettings = {
				ALWAYS_SEARCH_USER_PATHS = NO;
				CLANG_ANALYZER_NONNULL = YES;
				CLANG_ANALYZER_NUMBER_OBJECT_CONVERSION = YES_AGGRESSIVE;
				CLANG_CXX_LANGUAGE_STANDARD = "gnu++17";
				CLANG_ENABLE_MODULES = YES;
				CLANG_ENABLE_OBJC_ARC = YES;
				CLANG_ENABLE_OBJC_WEAK = YES;
				CLANG_WARN_BLOCK_CAPTURE_AUTORELEASING = YES;
				CLANG_WARN_BOOL_CONVERSION = YES;
				CLANG_WARN_COMMA = YES;
				CLANG_WARN_CONSTANT_CONVERSION = YES;
				CLANG_WARN_DEPRECATED_OBJC_IMPLEMENTATIONS = YES;
				CLANG_WARN_DIRECT_OBJC_ISA_USAGE = YES_ERROR;
				CLANG_WARN_DOCUMENTATION_COMMENTS = YES;
				CLANG_WARN_EMPTY_BODY = YES;
				CLANG_WARN_ENUM_CONVERSION = YES;
				CLANG_WARN_INFINITE_RECURSION = YES;
				CLANG_WARN_INT_CONVERSION = YES;
				CLANG_WARN_NON_LITERAL_NULL_CONVERSION = YES;
				CLANG_WARN_OBJC_IMPLICIT_RETAIN_SELF = YES;
				CLANG_WARN_OBJC_LITERAL_CONVERSION = YES;
				CLANG_WARN_OBJC_ROOT_CLASS = YES_ERROR;
				CLANG_WARN_QUOTED_INCLUDE_IN_FRAMEWORK_HEADER = YES;
				CLANG_WARN_RANGE_LOOP_ANALYSIS = YES;
				CLANG_WARN_STRICT_PROTOTYPES = YES;
				CLANG_WARN_SUSPICIOUS_MOVE = YES;
				CLANG_WARN_UNGUARDED_AVAILABILITY = YES_AGGRESSIVE;
				CLANG_WARN_UNREACHABLE_CODE = YES;
				CLANG_WARN__DUPLICATE_METHOD_MATCH = YES;
				COPY_PHASE_STRIP = NO;
				DEBUG_INFORMATION_FORMAT = dwarf;
				ENABLE_STRICT_OBJC_MSGSEND = YES;
				ENABLE_TESTABILITY = YES;
				GCC_C_LANGUAGE_STANDARD = gnu11;
				GCC_DYNAMIC_NO_PIC = NO;
				GCC_NO_COMMON_BLOCKS = YES;
				GCC_OPTIMIZATION_LEVEL = 0;
				GCC_PREPROCESSOR_DEFINITIONS = (
					"DEBUG=1",
					"$(inherited)",
				);
				GCC_WARN_64_TO_32_BIT_CONVERSION = YES;
				GCC_WARN_ABOUT_RETURN_TYPE = YES_ERROR;
				GCC_WARN_UNDECLARED_SELECTOR = YES;
				GCC_WARN_UNINITIALIZED_AUTOS = YES_AGGRESSIVE;
				GCC_WARN_UNUSED_FUNCTION = YES;
				GCC_WARN_UNUSED_VARIABLE = YES;
				IPHONEOS_DEPLOYMENT_TARGET = 15.5;
				MTL_ENABLE_DEBUG_INFO = INCLUDE_SOURCE;
				MTL_FAST_MATH = YES;
				ONLY_ACTIVE_ARCH = YES;
				SDKROOT = iphoneos;
				SWIFT_ACTIVE_COMPILATION_CONDITIONS = DEBUG;
				SWIFT_OPTIMIZATION_LEVEL = "-Onone";
			};
			name = Debug;
		};
		9BBA6E962862FD9B00973670 /* Release */ = {
			isa = XCBuildConfiguration;
			buildSettings = {
				ALWAYS_SEARCH_USER_PATHS = NO;
				CLANG_ANALYZER_NONNULL = YES;
				CLANG_ANALYZER_NUMBER_OBJECT_CONVERSION = YES_AGGRESSIVE;
				CLANG_CXX_LANGUAGE_STANDARD = "gnu++17";
				CLANG_ENABLE_MODULES = YES;
				CLANG_ENABLE_OBJC_ARC = YES;
				CLANG_ENABLE_OBJC_WEAK = YES;
				CLANG_WARN_BLOCK_CAPTURE_AUTORELEASING = YES;
				CLANG_WARN_BOOL_CONVERSION = YES;
				CLANG_WARN_COMMA = YES;
				CLANG_WARN_CONSTANT_CONVERSION = YES;
				CLANG_WARN_DEPRECATED_OBJC_IMPLEMENTATIONS = YES;
				CLANG_WARN_DIRECT_OBJC_ISA_USAGE = YES_ERROR;
				CLANG_WARN_DOCUMENTATION_COMMENTS = YES;
				CLANG_WARN_EMPTY_BODY = YES;
				CLANG_WARN_ENUM_CONVERSION = YES;
				CLANG_WARN_INFINITE_RECURSION = YES;
				CLANG_WARN_INT_CONVERSION = YES;
				CLANG_WARN_NON_LITERAL_NULL_CONVERSION = YES;
				CLANG_WARN_OBJC_IMPLICIT_RETAIN_SELF = YES;
				CLANG_WARN_OBJC_LITERAL_CONVERSION = YES;
				CLANG_WARN_OBJC_ROOT_CLASS = YES_ERROR;
				CLANG_WARN_QUOTED_INCLUDE_IN_FRAMEWORK_HEADER = YES;
				CLANG_WARN_RANGE_LOOP_ANALYSIS = YES;
				CLANG_WARN_STRICT_PROTOTYPES = YES;
				CLANG_WARN_SUSPICIOUS_MOVE = YES;
				CLANG_WARN_UNGUARDED_AVAILABILITY = YES_AGGRESSIVE;
				CLANG_WARN_UNREACHABLE_CODE = YES;
				CLANG_WARN__DUPLICATE_METHOD_MATCH = YES;
				COPY_PHASE_STRIP = NO;
				DEBUG_INFORMATION_FORMAT = "dwarf-with-dsym";
				ENABLE_NS_ASSERTIONS = NO;
				ENABLE_STRICT_OBJC_MSGSEND = YES;
				GCC_C_LANGUAGE_STANDARD = gnu11;
				GCC_NO_COMMON_BLOCKS = YES;
				GCC_WARN_64_TO_32_BIT_CONVERSION = YES;
				GCC_WARN_ABOUT_RETURN_TYPE = YES_ERROR;
				GCC_WARN_UNDECLARED_SELECTOR = YES;
				GCC_WARN_UNINITIALIZED_AUTOS = YES_AGGRESSIVE;
				GCC_WARN_UNUSED_FUNCTION = YES;
				GCC_WARN_UNUSED_VARIABLE = YES;
				IPHONEOS_DEPLOYMENT_TARGET = 15.5;
				MTL_ENABLE_DEBUG_INFO = NO;
				MTL_FAST_MATH = YES;
				SDKROOT = iphoneos;
				SWIFT_COMPILATION_MODE = wholemodule;
				SWIFT_OPTIMIZATION_LEVEL = "-O";
				VALIDATE_PRODUCT = YES;
			};
			name = Release;
		};
		9BBA6E982862FD9B00973670 /* Debug */ = {
			isa = XCBuildConfiguration;
			buildSettings = {
				ASSETCATALOG_COMPILER_APPICON_NAME = AppIcon;
				ASSETCATALOG_COMPILER_GLOBAL_ACCENT_COLOR_NAME = AccentColor;
				CODE_SIGN_STYLE = Automatic;
				CURRENT_PROJECT_VERSION = 1;
				DEVELOPMENT_TEAM = AU84RKKUXN;
				GENERATE_INFOPLIST_FILE = YES;
				INFOPLIST_FILE = "CoreData UIKit/Info.plist";
				INFOPLIST_KEY_UIApplicationSupportsIndirectInputEvents = YES;
				INFOPLIST_KEY_UILaunchStoryboardName = LaunchScreen;
				INFOPLIST_KEY_UIMainStoryboardFile = Main;
				INFOPLIST_KEY_UISupportedInterfaceOrientations_iPad = "UIInterfaceOrientationPortrait UIInterfaceOrientationPortraitUpsideDown UIInterfaceOrientationLandscapeLeft UIInterfaceOrientationLandscapeRight";
				INFOPLIST_KEY_UISupportedInterfaceOrientations_iPhone = "UIInterfaceOrientationPortrait UIInterfaceOrientationLandscapeLeft UIInterfaceOrientationLandscapeRight";
				LD_RUNPATH_SEARCH_PATHS = (
					"$(inherited)",
					"@executable_path/Frameworks",
				);
				MARKETING_VERSION = 1.0;
				PRODUCT_BUNDLE_IDENTIFIER = "ddhy.CoreData-UIKit";
				PRODUCT_NAME = "$(TARGET_NAME)";
				SWIFT_EMIT_LOC_STRINGS = YES;
				SWIFT_VERSION = 5.0;
				TARGETED_DEVICE_FAMILY = "1,2";
			};
			name = Debug;
		};
		9BBA6E992862FD9B00973670 /* Release */ = {
			isa = XCBuildConfiguration;
			buildSettings = {
				ASSETCATALOG_COMPILER_APPICON_NAME = AppIcon;
				ASSETCATALOG_COMPILER_GLOBAL_ACCENT_COLOR_NAME = AccentColor;
				CODE_SIGN_STYLE = Automatic;
				CURRENT_PROJECT_VERSION = 1;
				DEVELOPMENT_TEAM = AU84RKKUXN;
				GENERATE_INFOPLIST_FILE = YES;
				INFOPLIST_FILE = "CoreData UIKit/Info.plist";
				INFOPLIST_KEY_UIApplicationSupportsIndirectInputEvents = YES;
				INFOPLIST_KEY_UILaunchStoryboardName = LaunchScreen;
				INFOPLIST_KEY_UIMainStoryboardFile = Main;
				INFOPLIST_KEY_UISupportedInterfaceOrientations_iPad = "UIInterfaceOrientationPortrait UIInterfaceOrientationPortraitUpsideDown UIInterfaceOrientationLandscapeLeft UIInterfaceOrientationLandscapeRight";
				INFOPLIST_KEY_UISupportedInterfaceOrientations_iPhone = "UIInterfaceOrientationPortrait UIInterfaceOrientationLandscapeLeft UIInterfaceOrientationLandscapeRight";
				LD_RUNPATH_SEARCH_PATHS = (
					"$(inherited)",
					"@executable_path/Frameworks",
				);
				MARKETING_VERSION = 1.0;
				PRODUCT_BUNDLE_IDENTIFIER = "ddhy.CoreData-UIKit";
				PRODUCT_NAME = "$(TARGET_NAME)";
				SWIFT_EMIT_LOC_STRINGS = YES;
				SWIFT_VERSION = 5.0;
				TARGETED_DEVICE_FAMILY = "1,2";
			};
			name = Release;
		};
/* End XCBuildConfiguration section */

/* Begin XCConfigurationList section */
		9BBA6E7E2862FD9A00973670 /* Build configuration list for PBXProject "CoreData UIKit" */ = {
			isa = XCConfigurationList;
			buildConfigurations = (
				9BBA6E952862FD9B00973670 /* Debug */,
				9BBA6E962862FD9B00973670 /* Release */,
			);
			defaultConfigurationIsVisible = 0;
			defaultConfigurationName = Release;
		};
		9BBA6E972862FD9B00973670 /* Build configuration list for PBXNativeTarget "CoreData UIKit" */ = {
			isa = XCConfigurationList;
			buildConfigurations = (
				9BBA6E982862FD9B00973670 /* Debug */,
				9BBA6E992862FD9B00973670 /* Release */,
			);
			defaultConfigurationIsVisible = 0;
			defaultConfigurationName = Release;
		};
/* End XCConfigurationList section */

/* Begin XCVersionGroup section */
		9BBA6EA228638C0A00973670 /* CoreDataUIKit.xcdatamodeld */ = {
			isa = XCVersionGroup;
			children = (
				9BBA6EA328638C0A00973670 /* CoreDataUIKit.xcdatamodel */,
			);
			currentVersion = 9BBA6EA328638C0A00973670 /* CoreDataUIKit.xcdatamodel */;
			path = CoreDataUIKit.xcdatamodeld;
			sourceTree = "<group>";
			versionGroupType = wrapper.xcdatamodel;
		};
/* End XCVersionGroup section */
	};
	rootObject = 9BBA6E7B2862FD9A00973670 /* Project object */;
}
